// !$*UTF8*$!
{
	archiveVersion = 1;
	classes = {
	};
	objectVersion = 50;
	objects = {

/* Begin PBXBuildFile section */
		CCCB1AF121E438E7002CED8D /* AppDelegate.m in Sources */ = {isa = PBXBuildFile; fileRef = CCCB1AF021E438E7002CED8D /* AppDelegate.m */; };
		CCCB1AF421E438E7002CED8D /* ViewController.m in Sources */ = {isa = PBXBuildFile; fileRef = CCCB1AF321E438E7002CED8D /* ViewController.m */; };
		CCCB1AF721E438E7002CED8D /* Main.storyboard in Resources */ = {isa = PBXBuildFile; fileRef = CCCB1AF521E438E7002CED8D /* Main.storyboard */; };
		CCCB1AF921E438E8002CED8D /* Assets.xcassets in Resources */ = {isa = PBXBuildFile; fileRef = CCCB1AF821E438E8002CED8D /* Assets.xcassets */; };
		CCCB1AFC21E438E8002CED8D /* LaunchScreen.storyboard in Resources */ = {isa = PBXBuildFile; fileRef = CCCB1AFA21E438E8002CED8D /* LaunchScreen.storyboard */; };
		CCCB1AFF21E438E8002CED8D /* main.m in Sources */ = {isa = PBXBuildFile; fileRef = CCCB1AFE21E438E8002CED8D /* main.m */; };
		CCCB1B0821E44593002CED8D /* LFTableView.m in Sources */ = {isa = PBXBuildFile; fileRef = CCCB1B0721E44593002CED8D /* LFTableView.m */; };
/* End PBXBuildFile section */

/* Begin PBXFileReference section */
		CCCB1AEC21E438E7002CED8D /* LFTableViewDemo.app */ = {isa = PBXFileReference; explicitFileType = wrapper.application; includeInIndex = 0; path = LFTableViewDemo.app; sourceTree = BUILT_PRODUCTS_DIR; };
		CCCB1AEF21E438E7002CED8D /* AppDelegate.h */ = {isa = PBXFileReference; lastKnownFileType = sourcecode.c.h; path = AppDelegate.h; sourceTree = "<group>"; };
		CCCB1AF021E438E7002CED8D /* AppDelegate.m */ = {isa = PBXFileReference; lastKnownFileType = sourcecode.c.objc; path = AppDelegate.m; sourceTree = "<group>"; };
		CCCB1AF221E438E7002CED8D /* ViewController.h */ = {isa = PBXFileReference; lastKnownFileType = sourcecode.c.h; path = ViewController.h; sourceTree = "<group>"; };
		CCCB1AF321E438E7002CED8D /* ViewController.m */ = {isa = PBXFileReference; lastKnownFileType = sourcecode.c.objc; path = ViewController.m; sourceTree = "<group>"; };
		CCCB1AF621E438E7002CED8D /* Base */ = {isa = PBXFileReference; lastKnownFileType = file.storyboard; name = Base; path = Base.lproj/Main.storyboard; sourceTree = "<group>"; };
		CCCB1AF821E438E8002CED8D /* Assets.xcassets */ = {isa = PBXFileReference; lastKnownFileType = folder.assetcatalog; path = Assets.xcassets; sourceTree = "<group>"; };
		CCCB1AFB21E438E8002CED8D /* Base */ = {isa = PBXFileReference; lastKnownFileType = file.storyboard; name = Base; path = Base.lproj/LaunchScreen.storyboard; sourceTree = "<group>"; };
		CCCB1AFD21E438E8002CED8D /* Info.plist */ = {isa = PBXFileReference; lastKnownFileType = text.plist.xml; path = Info.plist; sourceTree = "<group>"; };
		CCCB1AFE21E438E8002CED8D /* main.m */ = {isa = PBXFileReference; lastKnownFileType = sourcecode.c.objc; path = main.m; sourceTree = "<group>"; };
		CCCB1B0621E44593002CED8D /* LFTableView.h */ = {isa = PBXFileReference; lastKnownFileType = sourcecode.c.h; path = LFTableView.h; sourceTree = "<group>"; };
		CCCB1B0721E44593002CED8D /* LFTableView.m */ = {isa = PBXFileReference; lastKnownFileType = sourcecode.c.objc; path = LFTableView.m; sourceTree = "<group>"; };
/* End PBXFileReference section */

/* Begin PBXFrameworksBuildPhase section */
		CCCB1AE921E438E7002CED8D /* Frameworks */ = {
			isa = PBXFrameworksBuildPhase;
			buildActionMask = 2147483647;
			files = (
			);
			runOnlyForDeploymentPostprocessing = 0;
		};
/* End PBXFrameworksBuildPhase section */

/* Begin PBXGroup section */
		CCCB1AE321E438E7002CED8D = {
			isa = PBXGroup;
			children = (
				CCCB1AEE21E438E7002CED8D /* LFTableViewDemo */,
				CCCB1AED21E438E7002CED8D /* Products */,
			);
			sourceTree = "<group>";
		};
		CCCB1AED21E438E7002CED8D /* Products */ = {
			isa = PBXGroup;
			children = (
				CCCB1AEC21E438E7002CED8D /* LFTableViewDemo.app */,
			);
			name = Products;
			sourceTree = "<group>";
		};
		CCCB1AEE21E438E7002CED8D /* LFTableViewDemo */ = {
			isa = PBXGroup;
			children = (
				CCCB1B0521E44573002CED8D /* LFTableView */,
				CCCB1AEF21E438E7002CED8D /* AppDelegate.h */,
				CCCB1AF021E438E7002CED8D /* AppDelegate.m */,
				CCCB1AF221E438E7002CED8D /* ViewController.h */,
				CCCB1AF321E438E7002CED8D /* ViewController.m */,
				CCCB1AF521E438E7002CED8D /* Main.storyboard */,
				CCCB1AF821E438E8002CED8D /* Assets.xcassets */,
				CCCB1AFA21E438E8002CED8D /* LaunchScreen.storyboard */,
				CCCB1AFD21E438E8002CED8D /* Info.plist */,
				CCCB1AFE21E438E8002CED8D /* main.m */,
			);
			path = LFTableViewDemo;
			sourceTree = "<group>";
		};
		CCCB1B0521E44573002CED8D /* LFTableView */ = {
			isa = PBXGroup;
			children = (
				CCCB1B0621E44593002CED8D /* LFTableView.h */,
				CCCB1B0721E44593002CED8D /* LFTableView.m */,
			);
			path = LFTableView;
			sourceTree = "<group>";
		};
/* End PBXGroup section */

/* Begin PBXNativeTarget section */
		CCCB1AEB21E438E7002CED8D /* LFTableViewDemo */ = {
			isa = PBXNativeTarget;
			buildConfigurationList = CCCB1B0221E438E8002CED8D /* Build configuration list for PBXNativeTarget "LFTableViewDemo" */;
			buildPhases = (
				CCCB1AE821E438E7002CED8D /* Sources */,
				CCCB1AE921E438E7002CED8D /* Frameworks */,
				CCCB1AEA21E438E7002CED8D /* Resources */,
			);
			buildRules = (
			);
			dependencies = (
			);
			name = LFTableViewDemo;
			productName = LFTableViewDemo;
			productReference = CCCB1AEC21E438E7002CED8D /* LFTableViewDemo.app */;
			productType = "com.apple.product-type.application";
		};
/* End PBXNativeTarget section */

/* Begin PBXProject section */
		CCCB1AE421E438E7002CED8D /* Project object */ = {
			isa = PBXProject;
			attributes = {
				LastUpgradeCheck = 1010;
				ORGANIZATIONNAME = wlf;
				TargetAttributes = {
					CCCB1AEB21E438E7002CED8D = {
						CreatedOnToolsVersion = 10.1;
					};
				};
			};
			buildConfigurationList = CCCB1AE721E438E7002CED8D /* Build configuration list for PBXProject "LFTableViewDemo" */;
			compatibilityVersion = "Xcode 9.3";
			developmentRegion = en;
			hasScannedForEncodings = 0;
			knownRegions = (
				en,
				Base,
			);
			mainGroup = CCCB1AE321E438E7002CED8D;
			productRefGroup = CCCB1AED21E438E7002CED8D /* Products */;
			projectDirPath = "";
			projectRoot = "";
			targets = (
				CCCB1AEB21E438E7002CED8D /* LFTableViewDemo */,
			);
		};
/* End PBXProject section */

/* Begin PBXResourcesBuildPhase section */
		CCCB1AEA21E438E7002CED8D /* Resources */ = {
			isa = PBXResourcesBuildPhase;
			buildActionMask = 2147483647;
			files = (
				CCCB1AFC21E438E8002CED8D /* LaunchScreen.storyboard in Resources */,
				CCCB1AF921E438E8002CED8D /* Assets.xcassets in Resources */,
				CCCB1AF721E438E7002CED8D /* Main.storyboard in Resources */,
			);
			runOnlyForDeploymentPostprocessing = 0;
		};
/* End PBXResourcesBuildPhase section */

/* Begin PBXSourcesBuildPhase section */
		CCCB1AE821E438E7002CED8D /* Sources */ = {
			isa = PBXSourcesBuildPhase;
			buildActionMask = 2147483647;
			files = (
				CCCB1AF421E438E7002CED8D /* ViewController.m in Sources */,
				CCCB1B0821E44593002CED8D /* LFTableView.m in Sources */,
				CCCB1AFF21E438E8002CED8D /* main.m in Sources */,
				CCCB1AF121E438E7002CED8D /* AppDelegate.m in Sources */,
			);
			runOnlyForDeploymentPostprocessing = 0;
		};
/* End PBXSourcesBuildPhase section */

/* Begin PBXVariantGroup section */
		CCCB1AF521E438E7002CED8D /* Main.storyboard */ = {
			isa = PBXVariantGroup;
			children = (
				CCCB1AF621E438E7002CED8D /* Base */,
			);
			name = Main.storyboard;
			sourceTree = "<group>";
		};
		CCCB1AFA21E438E8002CED8D /* LaunchScreen.storyboard */ = {
			isa = PBXVariantGroup;
			children = (
				CCCB1AFB21E438E8002CED8D /* Base */,
			);
			name = LaunchScreen.storyboard;
			sourceTree = "<group>";
		};
/* End PBXVariantGroup section */

/* Begin XCBuildConfiguration section */
		CCCB1B0021E438E8002CED8D /* Debug */ = {
			isa = XCBuildConfiguration;
			buildSettings = {
				ALWAYS_SEARCH_USER_PATHS = NO;
				CLANG_ANALYZER_NONNULL = YES;
				CLANG_ANALYZER_NUMBER_OBJECT_CONVERSION = YES_AGGRESSIVE;
				CLANG_CXX_LANGUAGE_STANDARD = "gnu++14";
				CLANG_CXX_LIBRARY = "libc++";
				CLANG_ENABLE_MODULES = YES;
				CLANG_ENABLE_OBJC_ARC = YES;
				CLANG_ENABLE_OBJC_WEAK = YES;
				CLANG_WARN_BLOCK_CAPTURE_AUTORELEASING = YES;
				CLANG_WARN_BOOL_CONVERSION = YES;
				CLANG_WARN_COMMA = YES;
				CLANG_WARN_CONSTANT_CONVERSION = YES;
				CLANG_WARN_DEPRECATED_OBJC_IMPLEMENTATIONS = YES;
				CLANG_WARN_DIRECT_OBJC_ISA_USAGE = YES_ERROR;
				CLANG_WARN_DOCUMENTATION_COMMENTS = YES;
				CLANG_WARN_EMPTY_BODY = YES;
				CLANG_WARN_ENUM_CONVERSION = YES;
				CLANG_WARN_INFINITE_RECURSION = YES;
				CLANG_WARN_INT_CONVERSION = YES;
				CLANG_WARN_NON_LITERAL_NULL_CONVERSION = YES;
				CLANG_WARN_OBJC_IMPLICIT_RETAIN_SELF = YES;
				CLANG_WARN_OBJC_LITERAL_CONVERSION = YES;
				CLANG_WARN_OBJC_ROOT_CLASS = YES_ERROR;
				CLANG_WARN_RANGE_LOOP_ANALYSIS = YES;
				CLANG_WARN_STRICT_PROTOTYPES = YES;
				CLANG_WARN_SUSPICIOUS_MOVE = YES;
				CLANG_WARN_UNGUARDED_AVAILABILITY = YES_AGGRESSIVE;
				CLANG_WARN_UNREACHABLE_CODE = YES;
				CLANG_WARN__DUPLICATE_METHOD_MATCH = YES;
				CODE_SIGN_IDENTITY = "iPhone Developer";
				COPY_PHASE_STRIP = NO;
				DEBUG_INFORMATION_FORMAT = dwarf;
				ENABLE_STRICT_OBJC_MSGSEND = YES;
				ENABLE_TESTABILITY = YES;
				GCC_C_LANGUAGE_STANDARD = gnu11;
				GCC_DYNAMIC_NO_PIC = NO;
				GCC_NO_COMMON_BLOCKS = YES;
				GCC_OPTIMIZATION_LEVEL = 0;
				GCC_PREPROCESSOR_DEFINITIONS = (
					"DEBUG=1",
					"$(inherited)",
				);
				GCC_WARN_64_TO_32_BIT_CONVERSION = YES;
				GCC_WARN_ABOUT_RETURN_TYPE = YES_ERROR;
				GCC_WARN_UNDECLARED_SELECTOR = YES;
				GCC_WARN_UNINITIALIZED_AUTOS = YES_AGGRESSIVE;
				GCC_WARN_UNUSED_FUNCTION = YES;
				GCC_WARN_UNUSED_VARIABLE = YES;
				IPHONEOS_DEPLOYMENT_TARGET = 12.1;
				MTL_ENABLE_DEBUG_INFO = INCLUDE_SOURCE;
				MTL_FAST_MATH = YES;
				ONLY_ACTIVE_ARCH = YES;
				SDKROOT = iphoneos;
			};
			name = Debug;
		};
		CCCB1B0121E438E8002CED8D /* Release */ = {
			isa = XCBuildConfiguration;
			buildSettings = {
				ALWAYS_SEARCH_USER_PATHS = NO;
				CLANG_ANALYZER_NONNULL = YES;
				CLANG_ANALYZER_NUMBER_OBJECT_CONVERSION = YES_AGGRESSIVE;
				CLANG_CXX_LANGUAGE_STANDARD = "gnu++14";
				CLANG_CXX_LIBRARY = "libc++";
				CLANG_ENABLE_MODULES = YES;
				CLANG_ENABLE_OBJC_ARC = YES;
				CLANG_ENABLE_OBJC_WEAK = YES;
				CLANG_WARN_BLOCK_CAPTURE_AUTORELEASING = YES;
				CLANG_WARN_BOOL_CONVERSION = YES;
				CLANG_WARN_COMMA = YES;
				CLANG_WARN_CONSTANT_CONVERSION = YES;
				CLANG_WARN_DEPRECATED_OBJC_IMPLEMENTATIONS = YES;
				CLANG_WARN_DIRECT_OBJC_ISA_USAGE = YES_ERROR;
				CLANG_WARN_DOCUMENTATION_COMMENTS = YES;
				CLANG_WARN_EMPTY_BODY = YES;
				CLANG_WARN_ENUM_CONVERSION = YES;
				CLANG_WARN_INFINITE_RECURSION = YES;
				CLANG_WARN_INT_CONVERSION = YES;
				CLANG_WARN_NON_LITERAL_NULL_CONVERSION = YES;
				CLANG_WARN_OBJC_IMPLICIT_RETAIN_SELF = YES;
				CLANG_WARN_OBJC_LITERAL_CONVERSION = YES;
				CLANG_WARN_OBJC_ROOT_CLASS = YES_ERROR;
				CLANG_WARN_RANGE_LOOP_ANALYSIS = YES;
				CLANG_WARN_STRICT_PROTOTYPES = YES;
				CLANG_WARN_SUSPICIOUS_MOVE = YES;
				CLANG_WARN_UNGUARDED_AVAILABILITY = YES_AGGRESSIVE;
				CLANG_WARN_UNREACHABLE_CODE = YES;
				CLANG_WARN__DUPLICATE_METHOD_MATCH = YES;
				CODE_SIGN_IDENTITY = "iPhone Developer";
				COPY_PHASE_STRIP = NO;
				DEBUG_INFORMATION_FORMAT = "dwarf-with-dsym";
				ENABLE_NS_ASSERTIONS = NO;
				ENABLE_STRICT_OBJC_MSGSEND = YES;
				GCC_C_LANGUAGE_STANDARD = gnu11;
				GCC_NO_COMMON_BLOCKS = YES;
				GCC_WARN_64_TO_32_BIT_CONVERSION = YES;
				GCC_WARN_ABOUT_RETURN_TYPE = YES_ERROR;
				GCC_WARN_UNDECLARED_SELECTOR = YES;
				GCC_WARN_UNINITIALIZED_AUTOS = YES_AGGRESSIVE;
				GCC_WARN_UNUSED_FUNCTION = YES;
				GCC_WARN_UNUSED_VARIABLE = YES;
				IPHONEOS_DEPLOYMENT_TARGET = 12.1;
				MTL_ENABLE_DEBUG_INFO = NO;
				MTL_FAST_MATH = YES;
				SDKROOT = iphoneos;
				VALIDATE_PRODUCT = YES;
			};
			name = Release;
		};
		CCCB1B0321E438E8002CED8D /* Debug */ = {
			isa = XCBuildConfiguration;
			buildSettings = {
				ASSETCATALOG_COMPILER_APPICON_NAME = AppIcon;
				CODE_SIGN_STYLE = Automatic;
				DEVELOPMENT_TEAM = ULZ6F2CH9B;
				INFOPLIST_FILE = LFTableViewDemo/Info.plist;
				LD_RUNPATH_SEARCH_PATHS = (
					"$(inherited)",
					"@executable_path/Frameworks",
				);
				PRODUCT_BUNDLE_IDENTIFIER = com.wlf.LFTableViewDemo;
				PRODUCT_NAME = "$(TARGET_NAME)";
				TARGETED_DEVICE_FAMILY = "1,2";
			};
			name = Debug;
		};
		CCCB1B0421E438E8002CED8D /* Release */ = {
			isa = XCBuildConfiguration;
			buildSettings = {
				ASSETCATALOG_COMPILER_APPICON_NAME = AppIcon;
				CODE_SIGN_STYLE = Automatic;
				DEVELOPMENT_TEAM = ULZ6F2CH9B;
				INFOPLIST_FILE = LFTableViewDemo/Info.plist;
				LD_RUNPATH_SEARCH_PATHS = (
					"$(inherited)",
					"@executable_path/Frameworks",
				);
				PRODUCT_BUNDLE_IDENTIFIER = com.wlf.LFTableViewDemo;
				PRODUCT_NAME = "$(TARGET_NAME)";
				TARGETED_DEVICE_FAMILY = "1,2";
			};
			name = Release;
		};
/* End XCBuildConfiguration section */

/* Begin XCConfigurationList section */
		CCCB1AE721E438E7002CED8D /* Build configuration list for PBXProject "LFTableViewDemo" */ = {
			isa = XCConfigurationList;
			buildConfigurations = (
				CCCB1B0021E438E8002CED8D /* Debug */,
				CCCB1B0121E438E8002CED8D /* Release */,
			);
			defaultConfigurationIsVisible = 0;
			defaultConfigurationName = Release;
		};
		CCCB1B0221E438E8002CED8D /* Build configuration list for PBXNativeTarget "LFTableViewDemo" */ = {
			isa = XCConfigurationList;
			buildConfigurations = (
				CCCB1B0321E438E8002CED8D /* Debug */,
				CCCB1B0421E438E8002CED8D /* Release */,
			);
			defaultConfigurationIsVisible = 0;
			defaultConfigurationName = Release;
		};
/* End XCConfigurationList section */
	};
	rootObject = CCCB1AE421E438E7002CED8D /* Project object */;
}
